// !$*UTF8*$!
{
	archiveVersion = 1;
	classes = {
	};
	objectVersion = 51;
	objects = {

/* Begin PBXBuildFile section */
		0D8E5FBFE5BFD58DC5C5665E /* Pods_LabirintMini.framework in Frameworks */ = {isa = PBXBuildFile; fileRef = F5ECB53148855FE14315F3F3 /* Pods_LabirintMini.framework */; };
		3C0BA291268DC98D00C47C74 /* AppDelegate.swift in Sources */ = {isa = PBXBuildFile; fileRef = 3C0BA290268DC98D00C47C74 /* AppDelegate.swift */; };
		3C0BA29A268DC98F00C47C74 /* assets.xcassets in Resources */ = {isa = PBXBuildFile; fileRef = 3C0BA299268DC98F00C47C74 /* assets.xcassets */; };
		3C0BA29D268DC98F00C47C74 /* LaunchScreen.storyboard in Resources */ = {isa = PBXBuildFile; fileRef = 3C0BA29B268DC98F00C47C74 /* LaunchScreen.storyboard */; };
		9E06B1A227D8E76600E0DC46 /* MyLabViewController.xib in Resources */ = {isa = PBXBuildFile; fileRef = 9E06B1A127D8E76600E0DC46 /* MyLabViewController.xib */; };
		9E0AA22427DF90520004EBD9 /* MainTabBarController.swift in Sources */ = {isa = PBXBuildFile; fileRef = 9E0AA22327DF90520004EBD9 /* MainTabBarController.swift */; };
		9E0AA23E27DFB42A0004EBD9 /* LoginDiscountCodePresenter.swift in Sources */ = {isa = PBXBuildFile; fileRef = 9E0AA22827DFB42A0004EBD9 /* LoginDiscountCodePresenter.swift */; };
		9E0AA23F27DFB42A0004EBD9 /* EnterButtonView.swift in Sources */ = {isa = PBXBuildFile; fileRef = 9E0AA22B27DFB42A0004EBD9 /* EnterButtonView.swift */; };
		9E0AA24327DFB42A0004EBD9 /* LoginDiscountCodeOutput.swift in Sources */ = {isa = PBXBuildFile; fileRef = 9E0AA23027DFB42A0004EBD9 /* LoginDiscountCodeOutput.swift */; };
		9E0AA24827DFB42A0004EBD9 /* LoginDiscountCodeInput.swift in Sources */ = {isa = PBXBuildFile; fileRef = 9E0AA23727DFB42A0004EBD9 /* LoginDiscountCodeInput.swift */; };
		9E0AA24927DFB42A0004EBD9 /* LoginDiscountCodeViewController.swift in Sources */ = {isa = PBXBuildFile; fileRef = 9E0AA23827DFB42A0004EBD9 /* LoginDiscountCodeViewController.swift */; };
		9E0AA24A27DFB42A0004EBD9 /* LoginDiscountCodeConfigurator.swift in Sources */ = {isa = PBXBuildFile; fileRef = 9E0AA23A27DFB42A0004EBD9 /* LoginDiscountCodeConfigurator.swift */; };
		9E0AA24B27DFB42A0004EBD9 /* LoginDiscountCodeRouterInput.swift in Sources */ = {isa = PBXBuildFile; fileRef = 9E0AA23C27DFB42A0004EBD9 /* LoginDiscountCodeRouterInput.swift */; };
		9E0AA24C27DFB42A0004EBD9 /* LoginDiscountCodeRouter.swift in Sources */ = {isa = PBXBuildFile; fileRef = 9E0AA23D27DFB42A0004EBD9 /* LoginDiscountCodeRouter.swift */; };
		9E0AA24E27DFBCE40004EBD9 /* LoginDiscountCodeView.xib in Resources */ = {isa = PBXBuildFile; fileRef = 9E0AA24D27DFBCE40004EBD9 /* LoginDiscountCodeView.xib */; };
		9E0AA25027E0B8720004EBD9 /* UIViewController.swift in Sources */ = {isa = PBXBuildFile; fileRef = 9E0AA24F27E0B8720004EBD9 /* UIViewController.swift */; };
		9E0AA25327E0CDE10004EBD9 /* CodeTextEdit.swift in Sources */ = {isa = PBXBuildFile; fileRef = 9E0AA25227E0CDE10004EBD9 /* CodeTextEdit.swift */; };
		9E0AA25F27E351960004EBD9 /* InfoTextCell.swift in Sources */ = {isa = PBXBuildFile; fileRef = 9E0AA25D27E351960004EBD9 /* InfoTextCell.swift */; };
		9E0AA26027E351960004EBD9 /* InfoTextCell.xib in Resources */ = {isa = PBXBuildFile; fileRef = 9E0AA25E27E351960004EBD9 /* InfoTextCell.xib */; };
		9E12D28E27D0E5C1000F1CF3 /* Strings.swift in Sources */ = {isa = PBXBuildFile; fileRef = 9E12D28B27D0E5C1000F1CF3 /* Strings.swift */; };
		9E12D28F27D0E5C1000F1CF3 /* Assets.swift in Sources */ = {isa = PBXBuildFile; fileRef = 9E12D28C27D0E5C1000F1CF3 /* Assets.swift */; };
		9E12D29027D0E5C1000F1CF3 /* Fonts.swift in Sources */ = {isa = PBXBuildFile; fileRef = 9E12D28D27D0E5C1000F1CF3 /* Fonts.swift */; };
		9E12D29527D1CDC2000F1CF3 /* Localizable.strings in Resources */ = {isa = PBXBuildFile; fileRef = 9E12D29727D1CDC2000F1CF3 /* Localizable.strings */; };
		9E176EFC27F218F300098563 /* CodeEnterCell.swift in Sources */ = {isa = PBXBuildFile; fileRef = 9E0AA22E27DFB42A0004EBD9 /* CodeEnterCell.swift */; };
		9E176EFD27F222DB00098563 /* CodeEnterCell.xib in Resources */ = {isa = PBXBuildFile; fileRef = 9E0AA22F27DFB42A0004EBD9 /* CodeEnterCell.xib */; };
		9E176F0627F2E07A00098563 /* TokenEntity.swift in Sources */ = {isa = PBXBuildFile; fileRef = 9E176F0327F2E07A00098563 /* TokenEntity.swift */; };
		9E176F0727F2E07A00098563 /* TokenEntry.swift in Sources */ = {isa = PBXBuildFile; fileRef = 9E176F0427F2E07A00098563 /* TokenEntry.swift */; };
		9E176F1927F30BFA00098563 /* AuthEntry.swift in Sources */ = {isa = PBXBuildFile; fileRef = 9E176F1527F30BFA00098563 /* AuthEntry.swift */; };
		9E176F1A27F30BFA00098563 /* AuthEntity.swift in Sources */ = {isa = PBXBuildFile; fileRef = 9E176F1627F30BFA00098563 /* AuthEntity.swift */; };
		9E176F1B27F30BFA00098563 /* UserEntry.swift in Sources */ = {isa = PBXBuildFile; fileRef = 9E176F1727F30BFA00098563 /* UserEntry.swift */; };
		9E176F1C27F30BFA00098563 /* UserEntity.swift in Sources */ = {isa = PBXBuildFile; fileRef = 9E176F1827F30BFA00098563 /* UserEntity.swift */; };
		9E176F2727F4389B00098563 /* UINavigationController.swift in Sources */ = {isa = PBXBuildFile; fileRef = 9E176F2627F4389B00098563 /* UINavigationController.swift */; };
		9E176F2927F43E8B00098563 /* UINavigationItem.swift in Sources */ = {isa = PBXBuildFile; fileRef = 9E176F2827F43E8B00098563 /* UINavigationItem.swift */; };
		9E3C491727D35F6D00F4D9E6 /* UnautorizedHeaderView.xib in Resources */ = {isa = PBXBuildFile; fileRef = 9E3C491627D35F6D00F4D9E6 /* UnautorizedHeaderView.xib */; };
		9E3C491927D364C200F4D9E6 /* UnautorizedHeaderView.swift in Sources */ = {isa = PBXBuildFile; fileRef = 9E3C491827D364C200F4D9E6 /* UnautorizedHeaderView.swift */; };
		9E3C491B27D3659E00F4D9E6 /* AutorizedHeaderView.xib in Resources */ = {isa = PBXBuildFile; fileRef = 9E3C491A27D3659E00F4D9E6 /* AutorizedHeaderView.xib */; };
		9E3C491D27D36D1C00F4D9E6 /* AutorizedHeaderView.swift in Sources */ = {isa = PBXBuildFile; fileRef = 9E3C491C27D36D1C00F4D9E6 /* AutorizedHeaderView.swift */; };
		9E3C492127D3706B00F4D9E6 /* MyLabStandartCell.swift in Sources */ = {isa = PBXBuildFile; fileRef = 9E3C491F27D3706B00F4D9E6 /* MyLabStandartCell.swift */; };
		9E3C492227D3706B00F4D9E6 /* MyLabStandartCell.xib in Resources */ = {isa = PBXBuildFile; fileRef = 9E3C492027D3706B00F4D9E6 /* MyLabStandartCell.xib */; };
		9E3C492627D3737700F4D9E6 /* DeliveryAddressCell.swift in Sources */ = {isa = PBXBuildFile; fileRef = 9E3C492427D3737700F4D9E6 /* DeliveryAddressCell.swift */; };
		9E3C492727D3737700F4D9E6 /* DeliveryAddressCell.xib in Resources */ = {isa = PBXBuildFile; fileRef = 9E3C492527D3737700F4D9E6 /* DeliveryAddressCell.xib */; };
		9E3C492B27D375A300F4D9E6 /* ExitButtonCell.swift in Sources */ = {isa = PBXBuildFile; fileRef = 9E3C492927D375A300F4D9E6 /* ExitButtonCell.swift */; };
		9E3C492C27D375A300F4D9E6 /* ExitButtonCell.xib in Resources */ = {isa = PBXBuildFile; fileRef = 9E3C492A27D375A300F4D9E6 /* ExitButtonCell.xib */; };
		9E5B1C2027E9FD9B004ADB32 /* UserModel.swift in Sources */ = {isa = PBXBuildFile; fileRef = 9E5B1C1F27E9FD9B004ADB32 /* UserModel.swift */; };
		9E5B1C3527EC9C3C004ADB32 /* MyLabRowTypes.swift in Sources */ = {isa = PBXBuildFile; fileRef = 9E5B1C3427EC9C3C004ADB32 /* MyLabRowTypes.swift */; };
		9E5B1C3727EC9CC3004ADB32 /* LoginState.swift in Sources */ = {isa = PBXBuildFile; fileRef = 9E5B1C3627EC9CC3004ADB32 /* LoginState.swift */; };
		9E5B1C3C27ED758E004ADB32 /* colorAssets.xcassets in Resources */ = {isa = PBXBuildFile; fileRef = 9E5B1C3B27ED758E004ADB32 /* colorAssets.xcassets */; };
		9E5B1C4027ED8035004ADB32 /* colorAssets.swift in Sources */ = {isa = PBXBuildFile; fileRef = 9E5B1C3F27ED8035004ADB32 /* colorAssets.swift */; };
		9E5CCE3227F448260084CA63 /* CodeTextEditView.swift in Sources */ = {isa = PBXBuildFile; fileRef = 9E5CCE3127F448260084CA63 /* CodeTextEditView.swift */; };
		9EAE91F127DB9941003988F1 /* MyLabViewBuilder.swift in Sources */ = {isa = PBXBuildFile; fileRef = 9EAE91F027DB9941003988F1 /* MyLabViewBuilder.swift */; };
		9EBC235D27CE2D8900AB1BA3 /* LabirintViewController.swift in Sources */ = {isa = PBXBuildFile; fileRef = 9EBC235C27CE2D8900AB1BA3 /* LabirintViewController.swift */; };
		9EBC235F27CE2DAA00AB1BA3 /* LabirintViewInput.swift in Sources */ = {isa = PBXBuildFile; fileRef = 9EBC235E27CE2DAA00AB1BA3 /* LabirintViewInput.swift */; };
		9EBC236127CE2DBE00AB1BA3 /* LabirintViewOutput.swift in Sources */ = {isa = PBXBuildFile; fileRef = 9EBC236027CE2DBE00AB1BA3 /* LabirintViewOutput.swift */; };
		9EBC236327CE2FE300AB1BA3 /* LabirintPresenter.swift in Sources */ = {isa = PBXBuildFile; fileRef = 9EBC236227CE2FE300AB1BA3 /* LabirintPresenter.swift */; };
		9EBC236527CE339A00AB1BA3 /* LabirintRouter.swift in Sources */ = {isa = PBXBuildFile; fileRef = 9EBC236427CE339A00AB1BA3 /* LabirintRouter.swift */; };
		9EBC236727CE33EA00AB1BA3 /* LabirintRouterInput.swift in Sources */ = {isa = PBXBuildFile; fileRef = 9EBC236627CE33EA00AB1BA3 /* LabirintRouterInput.swift */; };
		9EBC237A27CE364900AB1BA3 /* LabirintConfigurator.swift in Sources */ = {isa = PBXBuildFile; fileRef = 9EBC237927CE364900AB1BA3 /* LabirintConfigurator.swift */; };
		9EBC238127CE38C400AB1BA3 /* MainTabBarConfigurator.swift in Sources */ = {isa = PBXBuildFile; fileRef = 9EBC238027CE38C400AB1BA3 /* MainTabBarConfigurator.swift */; };
		9EBC238327CE38EC00AB1BA3 /* MainTabBarRouter.swift in Sources */ = {isa = PBXBuildFile; fileRef = 9EBC238227CE38EC00AB1BA3 /* MainTabBarRouter.swift */; };
		9EBC238527CE390F00AB1BA3 /* MainTabBarRouterInput.swift in Sources */ = {isa = PBXBuildFile; fileRef = 9EBC238427CE390F00AB1BA3 /* MainTabBarRouterInput.swift */; };
		9EBC238727CE392B00AB1BA3 /* MainTabBarPresenter.swift in Sources */ = {isa = PBXBuildFile; fileRef = 9EBC238627CE392B00AB1BA3 /* MainTabBarPresenter.swift */; };
		9EBC238927CE394C00AB1BA3 /* MainTabBarControllerInput.swift in Sources */ = {isa = PBXBuildFile; fileRef = 9EBC238827CE394C00AB1BA3 /* MainTabBarControllerInput.swift */; };
		9EBC238B27CE396500AB1BA3 /* MainTabBarScreeenOutput.swift in Sources */ = {isa = PBXBuildFile; fileRef = 9EBC238A27CE396500AB1BA3 /* MainTabBarScreeenOutput.swift */; };
		9EBC238D27CE39A000AB1BA3 /* CatalogConfigurator.swift in Sources */ = {isa = PBXBuildFile; fileRef = 9EBC238C27CE39A000AB1BA3 /* CatalogConfigurator.swift */; };
		9EBC238F27CE3A4C00AB1BA3 /* CatalogRouter.swift in Sources */ = {isa = PBXBuildFile; fileRef = 9EBC238E27CE3A4C00AB1BA3 /* CatalogRouter.swift */; };
		9EBC239127CE3A5C00AB1BA3 /* CatalogRouterInput.swift in Sources */ = {isa = PBXBuildFile; fileRef = 9EBC239027CE3A5C00AB1BA3 /* CatalogRouterInput.swift */; };
		9EBC239327CE3FB900AB1BA3 /* BasketConfigurator.swift in Sources */ = {isa = PBXBuildFile; fileRef = 9EBC239227CE3FB900AB1BA3 /* BasketConfigurator.swift */; };
		9EBC239527CE3FD400AB1BA3 /* BasketRouter.swift in Sources */ = {isa = PBXBuildFile; fileRef = 9EBC239427CE3FD400AB1BA3 /* BasketRouter.swift */; };
		9EBC239727CE3FED00AB1BA3 /* BasketRouterInput.swift in Sources */ = {isa = PBXBuildFile; fileRef = 9EBC239627CE3FED00AB1BA3 /* BasketRouterInput.swift */; };
		9EBC239927CE400700AB1BA3 /* BasketPresenter.swift in Sources */ = {isa = PBXBuildFile; fileRef = 9EBC239827CE400700AB1BA3 /* BasketPresenter.swift */; };
		9EBC239B27CE402B00AB1BA3 /* BasketViewController.swift in Sources */ = {isa = PBXBuildFile; fileRef = 9EBC239A27CE402B00AB1BA3 /* BasketViewController.swift */; };
		9EBC239D27CE405900AB1BA3 /* BasketViewInput.swift in Sources */ = {isa = PBXBuildFile; fileRef = 9EBC239C27CE405900AB1BA3 /* BasketViewInput.swift */; };
		9EBC239F27CE407800AB1BA3 /* BasketViewOutput.swift in Sources */ = {isa = PBXBuildFile; fileRef = 9EBC239E27CE407800AB1BA3 /* BasketViewOutput.swift */; };
		9EBC23A127CE40A900AB1BA3 /* PromoConfigurator.swift in Sources */ = {isa = PBXBuildFile; fileRef = 9EBC23A027CE40A900AB1BA3 /* PromoConfigurator.swift */; };
		9EBC23A327CE40C700AB1BA3 /* PromoRouter.swift in Sources */ = {isa = PBXBuildFile; fileRef = 9EBC23A227CE40C700AB1BA3 /* PromoRouter.swift */; };
		9EBC23A527CE40DB00AB1BA3 /* PromoRouterInput.swift in Sources */ = {isa = PBXBuildFile; fileRef = 9EBC23A427CE40DB00AB1BA3 /* PromoRouterInput.swift */; };
		9EBC23A727CE40F600AB1BA3 /* PromoPresenter.swift in Sources */ = {isa = PBXBuildFile; fileRef = 9EBC23A627CE40F600AB1BA3 /* PromoPresenter.swift */; };
		9EBC23A927CE411700AB1BA3 /* PromoViewController.swift in Sources */ = {isa = PBXBuildFile; fileRef = 9EBC23A827CE411700AB1BA3 /* PromoViewController.swift */; };
		9EBC23AB27CE413A00AB1BA3 /* PromoViewInput.swift in Sources */ = {isa = PBXBuildFile; fileRef = 9EBC23AA27CE413A00AB1BA3 /* PromoViewInput.swift */; };
		9EBC23AD27CE414500AB1BA3 /* PromoViewOutput.swift in Sources */ = {isa = PBXBuildFile; fileRef = 9EBC23AC27CE414500AB1BA3 /* PromoViewOutput.swift */; };
		9EBC23AF27CE419500AB1BA3 /* MyLabConfigurator.swift in Sources */ = {isa = PBXBuildFile; fileRef = 9EBC23AE27CE419500AB1BA3 /* MyLabConfigurator.swift */; };
		9EBC23B127CE41A700AB1BA3 /* MyLabRouter.swift in Sources */ = {isa = PBXBuildFile; fileRef = 9EBC23B027CE41A700AB1BA3 /* MyLabRouter.swift */; };
		9EBC23B327CE41C000AB1BA3 /* MyLabRouterInput.swift in Sources */ = {isa = PBXBuildFile; fileRef = 9EBC23B227CE41C000AB1BA3 /* MyLabRouterInput.swift */; };
		9EBC23B527CE41D800AB1BA3 /* MyLabPresenter.swift in Sources */ = {isa = PBXBuildFile; fileRef = 9EBC23B427CE41D800AB1BA3 /* MyLabPresenter.swift */; };
		9EBC23B727CE420100AB1BA3 /* MyLabViewController.swift in Sources */ = {isa = PBXBuildFile; fileRef = 9EBC23B627CE420100AB1BA3 /* MyLabViewController.swift */; };
		9EBC23B927CE422A00AB1BA3 /* MyLabViewInput.swift in Sources */ = {isa = PBXBuildFile; fileRef = 9EBC23B827CE422A00AB1BA3 /* MyLabViewInput.swift */; };
		9EBC23BB27CE424200AB1BA3 /* MyLabViewOutput.swift in Sources */ = {isa = PBXBuildFile; fileRef = 9EBC23BA27CE424200AB1BA3 /* MyLabViewOutput.swift */; };
		9EBC23BD27CE479100AB1BA3 /* CatalogPresenter.swift in Sources */ = {isa = PBXBuildFile; fileRef = 9EBC23BC27CE479100AB1BA3 /* CatalogPresenter.swift */; };
		9EBC23BF27CE47AF00AB1BA3 /* CatalogViewController.swift in Sources */ = {isa = PBXBuildFile; fileRef = 9EBC23BE27CE47AF00AB1BA3 /* CatalogViewController.swift */; };
		9EBC23C127CE47D200AB1BA3 /* CatalogViewInput.swift in Sources */ = {isa = PBXBuildFile; fileRef = 9EBC23C027CE47D200AB1BA3 /* CatalogViewInput.swift */; };
		9EBC23C327CE47E900AB1BA3 /* CatalogViewOutput.swift in Sources */ = {isa = PBXBuildFile; fileRef = 9EBC23C227CE47E900AB1BA3 /* CatalogViewOutput.swift */; };
		9EC960E227D257EC00FB9787 /* MainTaBar.swift in Sources */ = {isa = PBXBuildFile; fileRef = 9EC960E127D257EC00FB9787 /* MainTaBar.swift */; };
		9ED735FB27F5AD5A00C72319 /* UserService.swift in Sources */ = {isa = PBXBuildFile; fileRef = 9ED735F827F5AD5A00C72319 /* UserService.swift */; };
		9ED735FC27F5AD5A00C72319 /* KeyChainService.swift in Sources */ = {isa = PBXBuildFile; fileRef = 9ED735F927F5AD5A00C72319 /* KeyChainService.swift */; };
		9ED735FD27F5AD5A00C72319 /* ParametersService.swift in Sources */ = {isa = PBXBuildFile; fileRef = 9ED735FA27F5AD5A00C72319 /* ParametersService.swift */; };
		9ED7360027F5AD6200C72319 /* LongButton.swift in Sources */ = {isa = PBXBuildFile; fileRef = 9ED735FF27F5AD6200C72319 /* LongButton.swift */; };
		9ED7360227F5AD7B00C72319 /* Bundle.swift in Sources */ = {isa = PBXBuildFile; fileRef = 9ED7360127F5AD7B00C72319 /* Bundle.swift */; };
/* End PBXBuildFile section */

/* Begin PBXFileReference section */
		3C0BA28D268DC98D00C47C74 /* LabirintMini.app */ = {isa = PBXFileReference; explicitFileType = wrapper.application; includeInIndex = 0; path = LabirintMini.app; sourceTree = BUILT_PRODUCTS_DIR; };
		3C0BA290268DC98D00C47C74 /* AppDelegate.swift */ = {isa = PBXFileReference; lastKnownFileType = sourcecode.swift; path = AppDelegate.swift; sourceTree = "<group>"; };
		3C0BA299268DC98F00C47C74 /* assets.xcassets */ = {isa = PBXFileReference; lastKnownFileType = folder.assetcatalog; path = assets.xcassets; sourceTree = "<group>"; };
		3C0BA29C268DC98F00C47C74 /* Base */ = {isa = PBXFileReference; lastKnownFileType = file.storyboard; name = Base; path = Base.lproj/LaunchScreen.storyboard; sourceTree = "<group>"; };
		3C0BA29E268DC98F00C47C74 /* Info.plist */ = {isa = PBXFileReference; lastKnownFileType = text.plist.xml; path = Info.plist; sourceTree = "<group>"; };
		449573616019490BDAFFF4D4 /* Pods-LabirintMini.release.xcconfig */ = {isa = PBXFileReference; includeInIndex = 1; lastKnownFileType = text.xcconfig; name = "Pods-LabirintMini.release.xcconfig"; path = "Target Support Files/Pods-LabirintMini/Pods-LabirintMini.release.xcconfig"; sourceTree = "<group>"; };
		9E06B1A127D8E76600E0DC46 /* MyLabViewController.xib */ = {isa = PBXFileReference; lastKnownFileType = file.xib; path = MyLabViewController.xib; sourceTree = "<group>"; };
		9E0AA22327DF90520004EBD9 /* MainTabBarController.swift */ = {isa = PBXFileReference; fileEncoding = 4; lastKnownFileType = sourcecode.swift; path = MainTabBarController.swift; sourceTree = "<group>"; };
		9E0AA22527DF9F0C0004EBD9 /* ru */ = {isa = PBXFileReference; lastKnownFileType = text.plist.strings; name = ru; path = ru.lproj/Localizable.strings; sourceTree = "<group>"; };
		9E0AA22827DFB42A0004EBD9 /* LoginDiscountCodePresenter.swift */ = {isa = PBXFileReference; fileEncoding = 4; lastKnownFileType = sourcecode.swift; path = LoginDiscountCodePresenter.swift; sourceTree = "<group>"; };
		9E0AA22B27DFB42A0004EBD9 /* EnterButtonView.swift */ = {isa = PBXFileReference; fileEncoding = 4; lastKnownFileType = sourcecode.swift; path = EnterButtonView.swift; sourceTree = "<group>"; };
		9E0AA22E27DFB42A0004EBD9 /* CodeEnterCell.swift */ = {isa = PBXFileReference; fileEncoding = 4; lastKnownFileType = sourcecode.swift; path = CodeEnterCell.swift; sourceTree = "<group>"; };
		9E0AA22F27DFB42A0004EBD9 /* CodeEnterCell.xib */ = {isa = PBXFileReference; fileEncoding = 4; lastKnownFileType = file.xib; path = CodeEnterCell.xib; sourceTree = "<group>"; };
		9E0AA23027DFB42A0004EBD9 /* LoginDiscountCodeOutput.swift */ = {isa = PBXFileReference; fileEncoding = 4; lastKnownFileType = sourcecode.swift; path = LoginDiscountCodeOutput.swift; sourceTree = "<group>"; };
		9E0AA23727DFB42A0004EBD9 /* LoginDiscountCodeInput.swift */ = {isa = PBXFileReference; fileEncoding = 4; lastKnownFileType = sourcecode.swift; path = LoginDiscountCodeInput.swift; sourceTree = "<group>"; };
		9E0AA23827DFB42A0004EBD9 /* LoginDiscountCodeViewController.swift */ = {isa = PBXFileReference; fileEncoding = 4; lastKnownFileType = sourcecode.swift; path = LoginDiscountCodeViewController.swift; sourceTree = "<group>"; };
		9E0AA23A27DFB42A0004EBD9 /* LoginDiscountCodeConfigurator.swift */ = {isa = PBXFileReference; fileEncoding = 4; lastKnownFileType = sourcecode.swift; path = LoginDiscountCodeConfigurator.swift; sourceTree = "<group>"; };
		9E0AA23C27DFB42A0004EBD9 /* LoginDiscountCodeRouterInput.swift */ = {isa = PBXFileReference; fileEncoding = 4; lastKnownFileType = sourcecode.swift; path = LoginDiscountCodeRouterInput.swift; sourceTree = "<group>"; };
		9E0AA23D27DFB42A0004EBD9 /* LoginDiscountCodeRouter.swift */ = {isa = PBXFileReference; fileEncoding = 4; lastKnownFileType = sourcecode.swift; path = LoginDiscountCodeRouter.swift; sourceTree = "<group>"; };
		9E0AA24D27DFBCE40004EBD9 /* LoginDiscountCodeView.xib */ = {isa = PBXFileReference; lastKnownFileType = file.xib; path = LoginDiscountCodeView.xib; sourceTree = "<group>"; };
		9E0AA24F27E0B8720004EBD9 /* UIViewController.swift */ = {isa = PBXFileReference; lastKnownFileType = sourcecode.swift; path = UIViewController.swift; sourceTree = "<group>"; };
		9E0AA25227E0CDE10004EBD9 /* CodeTextEdit.swift */ = {isa = PBXFileReference; lastKnownFileType = sourcecode.swift; path = CodeTextEdit.swift; sourceTree = "<group>"; };
		9E0AA25D27E351960004EBD9 /* InfoTextCell.swift */ = {isa = PBXFileReference; fileEncoding = 4; lastKnownFileType = sourcecode.swift; path = InfoTextCell.swift; sourceTree = "<group>"; };
		9E0AA25E27E351960004EBD9 /* InfoTextCell.xib */ = {isa = PBXFileReference; fileEncoding = 4; lastKnownFileType = file.xib; path = InfoTextCell.xib; sourceTree = "<group>"; };
		9E12D28B27D0E5C1000F1CF3 /* Strings.swift */ = {isa = PBXFileReference; fileEncoding = 4; lastKnownFileType = sourcecode.swift; path = Strings.swift; sourceTree = "<group>"; };
		9E12D28C27D0E5C1000F1CF3 /* Assets.swift */ = {isa = PBXFileReference; fileEncoding = 4; lastKnownFileType = sourcecode.swift; path = Assets.swift; sourceTree = "<group>"; };
		9E12D28D27D0E5C1000F1CF3 /* Fonts.swift */ = {isa = PBXFileReference; fileEncoding = 4; lastKnownFileType = sourcecode.swift; path = Fonts.swift; sourceTree = "<group>"; };
		9E12D29627D1CDC2000F1CF3 /* en */ = {isa = PBXFileReference; lastKnownFileType = text.plist.strings; name = en; path = en.lproj/Localizable.strings; sourceTree = "<group>"; };
		9E176F0327F2E07A00098563 /* TokenEntity.swift */ = {isa = PBXFileReference; fileEncoding = 4; lastKnownFileType = sourcecode.swift; path = TokenEntity.swift; sourceTree = "<group>"; };
		9E176F0427F2E07A00098563 /* TokenEntry.swift */ = {isa = PBXFileReference; fileEncoding = 4; lastKnownFileType = sourcecode.swift; path = TokenEntry.swift; sourceTree = "<group>"; };
		9E176F1527F30BFA00098563 /* AuthEntry.swift */ = {isa = PBXFileReference; fileEncoding = 4; lastKnownFileType = sourcecode.swift; name = AuthEntry.swift; path = LabirintMini/Entites/AuthEntry.swift; sourceTree = SOURCE_ROOT; };
		9E176F1627F30BFA00098563 /* AuthEntity.swift */ = {isa = PBXFileReference; fileEncoding = 4; lastKnownFileType = sourcecode.swift; name = AuthEntity.swift; path = LabirintMini/Entites/AuthEntity.swift; sourceTree = SOURCE_ROOT; };
		9E176F1727F30BFA00098563 /* UserEntry.swift */ = {isa = PBXFileReference; fileEncoding = 4; lastKnownFileType = sourcecode.swift; name = UserEntry.swift; path = LabirintMini/Entites/UserEntry.swift; sourceTree = SOURCE_ROOT; };
		9E176F1827F30BFA00098563 /* UserEntity.swift */ = {isa = PBXFileReference; fileEncoding = 4; lastKnownFileType = sourcecode.swift; name = UserEntity.swift; path = LabirintMini/Entites/UserEntity.swift; sourceTree = SOURCE_ROOT; };
		9E176F2627F4389B00098563 /* UINavigationController.swift */ = {isa = PBXFileReference; lastKnownFileType = sourcecode.swift; path = UINavigationController.swift; sourceTree = "<group>"; };
		9E176F2827F43E8B00098563 /* UINavigationItem.swift */ = {isa = PBXFileReference; lastKnownFileType = sourcecode.swift; path = UINavigationItem.swift; sourceTree = "<group>"; };
		9E3C491627D35F6D00F4D9E6 /* UnautorizedHeaderView.xib */ = {isa = PBXFileReference; lastKnownFileType = file.xib; path = UnautorizedHeaderView.xib; sourceTree = "<group>"; };
		9E3C491827D364C200F4D9E6 /* UnautorizedHeaderView.swift */ = {isa = PBXFileReference; lastKnownFileType = sourcecode.swift; path = UnautorizedHeaderView.swift; sourceTree = "<group>"; };
		9E3C491A27D3659E00F4D9E6 /* AutorizedHeaderView.xib */ = {isa = PBXFileReference; lastKnownFileType = file.xib; path = AutorizedHeaderView.xib; sourceTree = "<group>"; };
		9E3C491C27D36D1C00F4D9E6 /* AutorizedHeaderView.swift */ = {isa = PBXFileReference; lastKnownFileType = sourcecode.swift; path = AutorizedHeaderView.swift; sourceTree = "<group>"; };
		9E3C491F27D3706B00F4D9E6 /* MyLabStandartCell.swift */ = {isa = PBXFileReference; lastKnownFileType = sourcecode.swift; path = MyLabStandartCell.swift; sourceTree = "<group>"; };
		9E3C492027D3706B00F4D9E6 /* MyLabStandartCell.xib */ = {isa = PBXFileReference; lastKnownFileType = file.xib; path = MyLabStandartCell.xib; sourceTree = "<group>"; };
		9E3C492427D3737700F4D9E6 /* DeliveryAddressCell.swift */ = {isa = PBXFileReference; lastKnownFileType = sourcecode.swift; path = DeliveryAddressCell.swift; sourceTree = "<group>"; };
		9E3C492527D3737700F4D9E6 /* DeliveryAddressCell.xib */ = {isa = PBXFileReference; lastKnownFileType = file.xib; path = DeliveryAddressCell.xib; sourceTree = "<group>"; };
		9E3C492927D375A300F4D9E6 /* ExitButtonCell.swift */ = {isa = PBXFileReference; lastKnownFileType = sourcecode.swift; path = ExitButtonCell.swift; sourceTree = "<group>"; };
		9E3C492A27D375A300F4D9E6 /* ExitButtonCell.xib */ = {isa = PBXFileReference; lastKnownFileType = file.xib; path = ExitButtonCell.xib; sourceTree = "<group>"; };
		9E5B1C1F27E9FD9B004ADB32 /* UserModel.swift */ = {isa = PBXFileReference; lastKnownFileType = sourcecode.swift; path = UserModel.swift; sourceTree = "<group>"; };
		9E5B1C3427EC9C3C004ADB32 /* MyLabRowTypes.swift */ = {isa = PBXFileReference; lastKnownFileType = sourcecode.swift; path = MyLabRowTypes.swift; sourceTree = "<group>"; };
		9E5B1C3627EC9CC3004ADB32 /* LoginState.swift */ = {isa = PBXFileReference; lastKnownFileType = sourcecode.swift; path = LoginState.swift; sourceTree = "<group>"; };
		9E5B1C3B27ED758E004ADB32 /* colorAssets.xcassets */ = {isa = PBXFileReference; lastKnownFileType = folder.assetcatalog; path = colorAssets.xcassets; sourceTree = "<group>"; };
		9E5B1C3F27ED8035004ADB32 /* colorAssets.swift */ = {isa = PBXFileReference; fileEncoding = 4; lastKnownFileType = sourcecode.swift; path = colorAssets.swift; sourceTree = "<group>"; };
		9E5CCE3127F448260084CA63 /* CodeTextEditView.swift */ = {isa = PBXFileReference; lastKnownFileType = sourcecode.swift; path = CodeTextEditView.swift; sourceTree = "<group>"; };
		9EAE91F027DB9941003988F1 /* MyLabViewBuilder.swift */ = {isa = PBXFileReference; lastKnownFileType = sourcecode.swift; path = MyLabViewBuilder.swift; sourceTree = "<group>"; };
		9EBC235C27CE2D8900AB1BA3 /* LabirintViewController.swift */ = {isa = PBXFileReference; lastKnownFileType = sourcecode.swift; path = LabirintViewController.swift; sourceTree = "<group>"; };
		9EBC235E27CE2DAA00AB1BA3 /* LabirintViewInput.swift */ = {isa = PBXFileReference; lastKnownFileType = sourcecode.swift; path = LabirintViewInput.swift; sourceTree = "<group>"; };
		9EBC236027CE2DBE00AB1BA3 /* LabirintViewOutput.swift */ = {isa = PBXFileReference; lastKnownFileType = sourcecode.swift; path = LabirintViewOutput.swift; sourceTree = "<group>"; };
		9EBC236227CE2FE300AB1BA3 /* LabirintPresenter.swift */ = {isa = PBXFileReference; lastKnownFileType = sourcecode.swift; path = LabirintPresenter.swift; sourceTree = "<group>"; };
		9EBC236427CE339A00AB1BA3 /* LabirintRouter.swift */ = {isa = PBXFileReference; lastKnownFileType = sourcecode.swift; path = LabirintRouter.swift; sourceTree = "<group>"; };
		9EBC236627CE33EA00AB1BA3 /* LabirintRouterInput.swift */ = {isa = PBXFileReference; lastKnownFileType = sourcecode.swift; path = LabirintRouterInput.swift; sourceTree = "<group>"; };
		9EBC237927CE364900AB1BA3 /* LabirintConfigurator.swift */ = {isa = PBXFileReference; lastKnownFileType = sourcecode.swift; path = LabirintConfigurator.swift; sourceTree = "<group>"; };
		9EBC238027CE38C400AB1BA3 /* MainTabBarConfigurator.swift */ = {isa = PBXFileReference; lastKnownFileType = sourcecode.swift; path = MainTabBarConfigurator.swift; sourceTree = "<group>"; };
		9EBC238227CE38EC00AB1BA3 /* MainTabBarRouter.swift */ = {isa = PBXFileReference; lastKnownFileType = sourcecode.swift; path = MainTabBarRouter.swift; sourceTree = "<group>"; };
		9EBC238427CE390F00AB1BA3 /* MainTabBarRouterInput.swift */ = {isa = PBXFileReference; lastKnownFileType = sourcecode.swift; path = MainTabBarRouterInput.swift; sourceTree = "<group>"; };
		9EBC238627CE392B00AB1BA3 /* MainTabBarPresenter.swift */ = {isa = PBXFileReference; lastKnownFileType = sourcecode.swift; path = MainTabBarPresenter.swift; sourceTree = "<group>"; };
		9EBC238827CE394C00AB1BA3 /* MainTabBarControllerInput.swift */ = {isa = PBXFileReference; lastKnownFileType = sourcecode.swift; path = MainTabBarControllerInput.swift; sourceTree = "<group>"; };
		9EBC238A27CE396500AB1BA3 /* MainTabBarScreeenOutput.swift */ = {isa = PBXFileReference; lastKnownFileType = sourcecode.swift; path = MainTabBarScreeenOutput.swift; sourceTree = "<group>"; };
		9EBC238C27CE39A000AB1BA3 /* CatalogConfigurator.swift */ = {isa = PBXFileReference; lastKnownFileType = sourcecode.swift; path = CatalogConfigurator.swift; sourceTree = "<group>"; };
		9EBC238E27CE3A4C00AB1BA3 /* CatalogRouter.swift */ = {isa = PBXFileReference; lastKnownFileType = sourcecode.swift; path = CatalogRouter.swift; sourceTree = "<group>"; };
		9EBC239027CE3A5C00AB1BA3 /* CatalogRouterInput.swift */ = {isa = PBXFileReference; lastKnownFileType = sourcecode.swift; path = CatalogRouterInput.swift; sourceTree = "<group>"; };
		9EBC239227CE3FB900AB1BA3 /* BasketConfigurator.swift */ = {isa = PBXFileReference; lastKnownFileType = sourcecode.swift; path = BasketConfigurator.swift; sourceTree = "<group>"; };
		9EBC239427CE3FD400AB1BA3 /* BasketRouter.swift */ = {isa = PBXFileReference; lastKnownFileType = sourcecode.swift; path = BasketRouter.swift; sourceTree = "<group>"; };
		9EBC239627CE3FED00AB1BA3 /* BasketRouterInput.swift */ = {isa = PBXFileReference; lastKnownFileType = sourcecode.swift; path = BasketRouterInput.swift; sourceTree = "<group>"; };
		9EBC239827CE400700AB1BA3 /* BasketPresenter.swift */ = {isa = PBXFileReference; lastKnownFileType = sourcecode.swift; path = BasketPresenter.swift; sourceTree = "<group>"; };
		9EBC239A27CE402B00AB1BA3 /* BasketViewController.swift */ = {isa = PBXFileReference; lastKnownFileType = sourcecode.swift; path = BasketViewController.swift; sourceTree = "<group>"; };
		9EBC239C27CE405900AB1BA3 /* BasketViewInput.swift */ = {isa = PBXFileReference; lastKnownFileType = sourcecode.swift; path = BasketViewInput.swift; sourceTree = "<group>"; };
		9EBC239E27CE407800AB1BA3 /* BasketViewOutput.swift */ = {isa = PBXFileReference; lastKnownFileType = sourcecode.swift; path = BasketViewOutput.swift; sourceTree = "<group>"; };
		9EBC23A027CE40A900AB1BA3 /* PromoConfigurator.swift */ = {isa = PBXFileReference; lastKnownFileType = sourcecode.swift; path = PromoConfigurator.swift; sourceTree = "<group>"; };
		9EBC23A227CE40C700AB1BA3 /* PromoRouter.swift */ = {isa = PBXFileReference; lastKnownFileType = sourcecode.swift; path = PromoRouter.swift; sourceTree = "<group>"; };
		9EBC23A427CE40DB00AB1BA3 /* PromoRouterInput.swift */ = {isa = PBXFileReference; lastKnownFileType = sourcecode.swift; path = PromoRouterInput.swift; sourceTree = "<group>"; };
		9EBC23A627CE40F600AB1BA3 /* PromoPresenter.swift */ = {isa = PBXFileReference; lastKnownFileType = sourcecode.swift; path = PromoPresenter.swift; sourceTree = "<group>"; };
		9EBC23A827CE411700AB1BA3 /* PromoViewController.swift */ = {isa = PBXFileReference; lastKnownFileType = sourcecode.swift; path = PromoViewController.swift; sourceTree = "<group>"; };
		9EBC23AA27CE413A00AB1BA3 /* PromoViewInput.swift */ = {isa = PBXFileReference; lastKnownFileType = sourcecode.swift; path = PromoViewInput.swift; sourceTree = "<group>"; };
		9EBC23AC27CE414500AB1BA3 /* PromoViewOutput.swift */ = {isa = PBXFileReference; lastKnownFileType = sourcecode.swift; path = PromoViewOutput.swift; sourceTree = "<group>"; };
		9EBC23AE27CE419500AB1BA3 /* MyLabConfigurator.swift */ = {isa = PBXFileReference; lastKnownFileType = sourcecode.swift; path = MyLabConfigurator.swift; sourceTree = "<group>"; };
		9EBC23B027CE41A700AB1BA3 /* MyLabRouter.swift */ = {isa = PBXFileReference; lastKnownFileType = sourcecode.swift; path = MyLabRouter.swift; sourceTree = "<group>"; };
		9EBC23B227CE41C000AB1BA3 /* MyLabRouterInput.swift */ = {isa = PBXFileReference; lastKnownFileType = sourcecode.swift; path = MyLabRouterInput.swift; sourceTree = "<group>"; };
		9EBC23B427CE41D800AB1BA3 /* MyLabPresenter.swift */ = {isa = PBXFileReference; lastKnownFileType = sourcecode.swift; path = MyLabPresenter.swift; sourceTree = "<group>"; };
		9EBC23B627CE420100AB1BA3 /* MyLabViewController.swift */ = {isa = PBXFileReference; lastKnownFileType = sourcecode.swift; path = MyLabViewController.swift; sourceTree = "<group>"; };
		9EBC23B827CE422A00AB1BA3 /* MyLabViewInput.swift */ = {isa = PBXFileReference; lastKnownFileType = sourcecode.swift; path = MyLabViewInput.swift; sourceTree = "<group>"; };
		9EBC23BA27CE424200AB1BA3 /* MyLabViewOutput.swift */ = {isa = PBXFileReference; lastKnownFileType = sourcecode.swift; path = MyLabViewOutput.swift; sourceTree = "<group>"; };
		9EBC23BC27CE479100AB1BA3 /* CatalogPresenter.swift */ = {isa = PBXFileReference; lastKnownFileType = sourcecode.swift; path = CatalogPresenter.swift; sourceTree = "<group>"; };
		9EBC23BE27CE47AF00AB1BA3 /* CatalogViewController.swift */ = {isa = PBXFileReference; lastKnownFileType = sourcecode.swift; path = CatalogViewController.swift; sourceTree = "<group>"; };
		9EBC23C027CE47D200AB1BA3 /* CatalogViewInput.swift */ = {isa = PBXFileReference; lastKnownFileType = sourcecode.swift; path = CatalogViewInput.swift; sourceTree = "<group>"; };
		9EBC23C227CE47E900AB1BA3 /* CatalogViewOutput.swift */ = {isa = PBXFileReference; lastKnownFileType = sourcecode.swift; path = CatalogViewOutput.swift; sourceTree = "<group>"; };
		9EC960E127D257EC00FB9787 /* MainTaBar.swift */ = {isa = PBXFileReference; lastKnownFileType = sourcecode.swift; path = MainTaBar.swift; sourceTree = "<group>"; };
		9ED735F827F5AD5A00C72319 /* UserService.swift */ = {isa = PBXFileReference; fileEncoding = 4; lastKnownFileType = sourcecode.swift; path = UserService.swift; sourceTree = "<group>"; };
		9ED735F927F5AD5A00C72319 /* KeyChainService.swift */ = {isa = PBXFileReference; fileEncoding = 4; lastKnownFileType = sourcecode.swift; path = KeyChainService.swift; sourceTree = "<group>"; };
		9ED735FA27F5AD5A00C72319 /* ParametersService.swift */ = {isa = PBXFileReference; fileEncoding = 4; lastKnownFileType = sourcecode.swift; path = ParametersService.swift; sourceTree = "<group>"; };
		9ED735FF27F5AD6200C72319 /* LongButton.swift */ = {isa = PBXFileReference; fileEncoding = 4; lastKnownFileType = sourcecode.swift; path = LongButton.swift; sourceTree = "<group>"; };
		9ED7360127F5AD7B00C72319 /* Bundle.swift */ = {isa = PBXFileReference; fileEncoding = 4; lastKnownFileType = sourcecode.swift; path = Bundle.swift; sourceTree = "<group>"; };
		C93EA6D505DF2CCA658F849A /* Pods-LabirintMini.debug.xcconfig */ = {isa = PBXFileReference; includeInIndex = 1; lastKnownFileType = text.xcconfig; name = "Pods-LabirintMini.debug.xcconfig"; path = "Target Support Files/Pods-LabirintMini/Pods-LabirintMini.debug.xcconfig"; sourceTree = "<group>"; };
		F5ECB53148855FE14315F3F3 /* Pods_LabirintMini.framework */ = {isa = PBXFileReference; explicitFileType = wrapper.framework; includeInIndex = 0; path = Pods_LabirintMini.framework; sourceTree = BUILT_PRODUCTS_DIR; };
/* End PBXFileReference section */

/* Begin PBXFrameworksBuildPhase section */
		3C0BA28A268DC98D00C47C74 /* Frameworks */ = {
			isa = PBXFrameworksBuildPhase;
			buildActionMask = 2147483647;
			files = (
				0D8E5FBFE5BFD58DC5C5665E /* Pods_LabirintMini.framework in Frameworks */,
			);
			runOnlyForDeploymentPostprocessing = 0;
		};
/* End PBXFrameworksBuildPhase section */

/* Begin PBXGroup section */
		3C0BA284268DC98D00C47C74 = {
			isa = PBXGroup;
			children = (
				3C0BA28F268DC98D00C47C74 /* LabirintMini */,
				3C0BA28E268DC98D00C47C74 /* Products */,
				9432D337A8CE82BED362B83A /* Pods */,
				99786DBB7D7C7F2D85849697 /* Frameworks */,
			);
			sourceTree = "<group>";
		};
		3C0BA28E268DC98D00C47C74 /* Products */ = {
			isa = PBXGroup;
			children = (
				3C0BA28D268DC98D00C47C74 /* LabirintMini.app */,
			);
			name = Products;
			sourceTree = "<group>";
		};
		3C0BA28F268DC98D00C47C74 /* LabirintMini */ = {
			isa = PBXGroup;
			children = (
				3C0BA2A4268DCB1C00C47C74 /* Application */,
				9E176F0227F2E07A00098563 /* Entites */,
				58564A5D2824EAB000950DD0 /* Models */,
				9EBC235327CE283F00AB1BA3 /* Flows */,
				3C0BA2A5268DCB2F00C47C74 /* Resources */,
				9ED735F727F5AD5A00C72319 /* Services */,
				9ED735FE27F5AD6200C72319 /* Reusable */,
				9E2E274627CFAED100D78244 /* Extensions */,
				3C0BA29E268DC98F00C47C74 /* Info.plist */,
			);
			path = LabirintMini;
			sourceTree = "<group>";
		};
		3C0BA2A4268DCB1C00C47C74 /* Application */ = {
			isa = PBXGroup;
			children = (
				3C0BA290268DC98D00C47C74 /* AppDelegate.swift */,
				3C0BA29B268DC98F00C47C74 /* LaunchScreen.storyboard */,
			);
			path = Application;
			sourceTree = "<group>";
		};
		3C0BA2A5268DCB2F00C47C74 /* Resources */ = {
			isa = PBXGroup;
			children = (
				9E5B1C3827ED734E004ADB32 /* Colors */,
				9E12D28A27D0E5C1000F1CF3 /* Constants */,
				3C0BA2A6268DCB4300C47C74 /* Images */,
				9E12D29727D1CDC2000F1CF3 /* Localizable.strings */,
			);
			path = Resources;
			sourceTree = "<group>";
		};
		3C0BA2A6268DCB4300C47C74 /* Images */ = {
			isa = PBXGroup;
			children = (
				3C0BA299268DC98F00C47C74 /* assets.xcassets */,
			);
			path = Images;
			sourceTree = "<group>";
		};
		58564A5D2824EAB000950DD0 /* Models */ = {
			isa = PBXGroup;
			children = (
				9E5B1C1F27E9FD9B004ADB32 /* UserModel.swift */,
			);
			path = Models;
			sourceTree = "<group>";
		};
		9432D337A8CE82BED362B83A /* Pods */ = {
			isa = PBXGroup;
			children = (
				C93EA6D505DF2CCA658F849A /* Pods-LabirintMini.debug.xcconfig */,
				449573616019490BDAFFF4D4 /* Pods-LabirintMini.release.xcconfig */,
			);
			path = Pods;
			sourceTree = "<group>";
		};
		99786DBB7D7C7F2D85849697 /* Frameworks */ = {
			isa = PBXGroup;
			children = (
				F5ECB53148855FE14315F3F3 /* Pods_LabirintMini.framework */,
			);
			name = Frameworks;
			sourceTree = "<group>";
		};
		9E0AA22627DFB42A0004EBD9 /* Login with discount code screen  */ = {
			isa = PBXGroup;
			children = (
				9E0AA23927DFB42A0004EBD9 /* Configurator */,
				9E0AA23B27DFB42A0004EBD9 /* Router */,
				9E0AA22727DFB42A0004EBD9 /* Presenter */,
				9E0AA22927DFB42A0004EBD9 /* View */,
			);
			path = "Login with discount code screen ";
			sourceTree = "<group>";
		};
		9E0AA22727DFB42A0004EBD9 /* Presenter */ = {
			isa = PBXGroup;
			children = (
				9E0AA22827DFB42A0004EBD9 /* LoginDiscountCodePresenter.swift */,
			);
			path = Presenter;
			sourceTree = "<group>";
		};
		9E0AA22927DFB42A0004EBD9 /* View */ = {
			isa = PBXGroup;
			children = (
				9E5CCE3027F447F80084CA63 /* CodeTextEditView */,
				9E0AA22D27DFB42A0004EBD9 /* CodeEnterCell */,
				9E0AA25C27E351960004EBD9 /* InfoTextCell */,
				9E0AA22A27DFB42A0004EBD9 /* EnterButtonView */,
				9E0AA23827DFB42A0004EBD9 /* LoginDiscountCodeViewController.swift */,
				9E0AA23027DFB42A0004EBD9 /* LoginDiscountCodeOutput.swift */,
				9E0AA23727DFB42A0004EBD9 /* LoginDiscountCodeInput.swift */,
				9E0AA24D27DFBCE40004EBD9 /* LoginDiscountCodeView.xib */,
			);
			path = View;
			sourceTree = "<group>";
		};
		9E0AA22A27DFB42A0004EBD9 /* EnterButtonView */ = {
			isa = PBXGroup;
			children = (
				9E0AA22B27DFB42A0004EBD9 /* EnterButtonView.swift */,
			);
			path = EnterButtonView;
			sourceTree = "<group>";
		};
		9E0AA22D27DFB42A0004EBD9 /* CodeEnterCell */ = {
			isa = PBXGroup;
			children = (
				9E0AA22E27DFB42A0004EBD9 /* CodeEnterCell.swift */,
				9E0AA22F27DFB42A0004EBD9 /* CodeEnterCell.xib */,
			);
			path = CodeEnterCell;
			sourceTree = "<group>";
		};
		9E0AA23927DFB42A0004EBD9 /* Configurator */ = {
			isa = PBXGroup;
			children = (
				9E0AA23A27DFB42A0004EBD9 /* LoginDiscountCodeConfigurator.swift */,
			);
			path = Configurator;
			sourceTree = "<group>";
		};
		9E0AA23B27DFB42A0004EBD9 /* Router */ = {
			isa = PBXGroup;
			children = (
				9E0AA23C27DFB42A0004EBD9 /* LoginDiscountCodeRouterInput.swift */,
				9E0AA23D27DFB42A0004EBD9 /* LoginDiscountCodeRouter.swift */,
			);
			path = Router;
			sourceTree = "<group>";
		};
		9E0AA25C27E351960004EBD9 /* InfoTextCell */ = {
			isa = PBXGroup;
			children = (
				9E0AA25D27E351960004EBD9 /* InfoTextCell.swift */,
				9E0AA25E27E351960004EBD9 /* InfoTextCell.xib */,
			);
			path = InfoTextCell;
			sourceTree = "<group>";
		};
		9E12D28A27D0E5C1000F1CF3 /* Constants */ = {
			isa = PBXGroup;
			children = (
				9E5B1C3F27ED8035004ADB32 /* colorAssets.swift */,
				9E12D28B27D0E5C1000F1CF3 /* Strings.swift */,
				9E12D28C27D0E5C1000F1CF3 /* Assets.swift */,
				9E12D28D27D0E5C1000F1CF3 /* Fonts.swift */,
			);
			name = Constants;
			path = LabirintMini/Constants;
			sourceTree = SOURCE_ROOT;
		};
		9E176F0227F2E07A00098563 /* Entites */ = {
			isa = PBXGroup;
			children = (
				9E176F1627F30BFA00098563 /* AuthEntity.swift */,
				9E176F1527F30BFA00098563 /* AuthEntry.swift */,
				9E176F1827F30BFA00098563 /* UserEntity.swift */,
				9E176F1727F30BFA00098563 /* UserEntry.swift */,
				9E176F0327F2E07A00098563 /* TokenEntity.swift */,
				9E176F0427F2E07A00098563 /* TokenEntry.swift */,
			);
			name = Entites;
			path = Application/Entites;
			sourceTree = "<group>";
		};
		9E2E274627CFAED100D78244 /* Extensions */ = {
			isa = PBXGroup;
			children = (
				9ED7360127F5AD7B00C72319 /* Bundle.swift */,
				9E0AA24F27E0B8720004EBD9 /* UIViewController.swift */,
				9E176F2627F4389B00098563 /* UINavigationController.swift */,
				9E176F2827F43E8B00098563 /* UINavigationItem.swift */,
			);
			path = Extensions;
			sourceTree = "<group>";
		};
		9E3C491427D35DA400F4D9E6 /* UnautorizedHeader */ = {
			isa = PBXGroup;
			children = (
				9E3C491827D364C200F4D9E6 /* UnautorizedHeaderView.swift */,
				9E3C491627D35F6D00F4D9E6 /* UnautorizedHeaderView.xib */,
			);
			path = UnautorizedHeader;
			sourceTree = "<group>";
		};
		9E3C491527D35DDD00F4D9E6 /* AutorizedHeader */ = {
			isa = PBXGroup;
			children = (
				9E3C491C27D36D1C00F4D9E6 /* AutorizedHeaderView.swift */,
				9E3C491A27D3659E00F4D9E6 /* AutorizedHeaderView.xib */,
			);
			path = AutorizedHeader;
			sourceTree = "<group>";
		};
		9E3C491E27D3701B00F4D9E6 /* StandartReusebleCell */ = {
			isa = PBXGroup;
			children = (
				9E3C491F27D3706B00F4D9E6 /* MyLabStandartCell.swift */,
				9E3C492027D3706B00F4D9E6 /* MyLabStandartCell.xib */,
			);
			path = StandartReusebleCell;
			sourceTree = "<group>";
		};
		9E3C492327D3733700F4D9E6 /* DeliveryAddressCell */ = {
			isa = PBXGroup;
			children = (
				9E3C492427D3737700F4D9E6 /* DeliveryAddressCell.swift */,
				9E3C492527D3737700F4D9E6 /* DeliveryAddressCell.xib */,
			);
			path = DeliveryAddressCell;
			sourceTree = "<group>";
		};
		9E3C492827D3756800F4D9E6 /* ExitButtonCell */ = {
			isa = PBXGroup;
			children = (
				9E3C492927D375A300F4D9E6 /* ExitButtonCell.swift */,
				9E3C492A27D375A300F4D9E6 /* ExitButtonCell.xib */,
			);
			path = ExitButtonCell;
			sourceTree = "<group>";
		};
		9E5B1C3827ED734E004ADB32 /* Colors */ = {
			isa = PBXGroup;
			children = (
				9E5B1C3B27ED758E004ADB32 /* colorAssets.xcassets */,
			);
			path = Colors;
			sourceTree = "<group>";
		};
		9E5CCE3027F447F80084CA63 /* CodeTextEditView */ = {
			isa = PBXGroup;
			children = (
				9E5CCE3127F448260084CA63 /* CodeTextEditView.swift */,
				9E0AA25227E0CDE10004EBD9 /* CodeTextEdit.swift */,
			);
			path = CodeTextEditView;
			sourceTree = "<group>";
		};
		9EBC235327CE283F00AB1BA3 /* Flows */ = {
			isa = PBXGroup;
			children = (
				9E0AA22627DFB42A0004EBD9 /* Login with discount code screen  */,
				9EBC237B27CE373F00AB1BA3 /* MainTabBar */,
				9EBC235427CE28AF00AB1BA3 /* Labirint */,
				9EBC235527CE28E000AB1BA3 /* Catalog */,
				9EBC235627CE28EE00AB1BA3 /* Basket */,
				9EBC235727CE292E00AB1BA3 /* Promo */,
				9EBC235827CE299500AB1BA3 /* MyLab */,
			);
			path = Flows;
			sourceTree = "<group>";
		};
		9EBC235427CE28AF00AB1BA3 /* Labirint */ = {
			isa = PBXGroup;
			children = (
				9EBC236B27CE353500AB1BA3 /* Configurator */,
				9EBC235927CE2B6C00AB1BA3 /* Router */,
				9EBC235A27CE2B7A00AB1BA3 /* Presenter */,
				9EBC235B27CE2B8600AB1BA3 /* View */,
			);
			path = Labirint;
			sourceTree = "<group>";
		};
		9EBC235527CE28E000AB1BA3 /* Catalog */ = {
			isa = PBXGroup;
			children = (
				9EBC236C27CE354200AB1BA3 /* Configurator */,
				9EBC236827CE349000AB1BA3 /* Router */,
				9EBC236A27CE34B600AB1BA3 /* Presenter */,
				9EBC236927CE34AE00AB1BA3 /* View */,
			);
			path = Catalog;
			sourceTree = "<group>";
		};
		9EBC235627CE28EE00AB1BA3 /* Basket */ = {
			isa = PBXGroup;
			children = (
				9EBC236D27CE355600AB1BA3 /* Configurator */,
				9EBC236F27CE356800AB1BA3 /* Router */,
				9EBC236E27CE355E00AB1BA3 /* Presenter */,
				9EBC237027CE357100AB1BA3 /* View */,
			);
			path = Basket;
			sourceTree = "<group>";
		};
		9EBC235727CE292E00AB1BA3 /* Promo */ = {
			isa = PBXGroup;
			children = (
				9EBC237127CE357F00AB1BA3 /* Configurator */,
				9EBC237227CE358500AB1BA3 /* Router */,
				9EBC237327CE358C00AB1BA3 /* Presenter */,
				9EBC237427CE359400AB1BA3 /* View */,
			);
			path = Promo;
			sourceTree = "<group>";
		};
		9EBC235827CE299500AB1BA3 /* MyLab */ = {
			isa = PBXGroup;
			children = (
				9EBC237527CE359E00AB1BA3 /* Configurator */,
				9EBC237827CE35C100AB1BA3 /* Router */,
				9EBC237627CE35AD00AB1BA3 /* Presenter */,
				9EBC237727CE35B800AB1BA3 /* View */,
			);
			path = MyLab;
			sourceTree = "<group>";
		};
		9EBC235927CE2B6C00AB1BA3 /* Router */ = {
			isa = PBXGroup;
			children = (
				9EBC236427CE339A00AB1BA3 /* LabirintRouter.swift */,
				9EBC236627CE33EA00AB1BA3 /* LabirintRouterInput.swift */,
			);
			path = Router;
			sourceTree = "<group>";
		};
		9EBC235A27CE2B7A00AB1BA3 /* Presenter */ = {
			isa = PBXGroup;
			children = (
				9EBC236227CE2FE300AB1BA3 /* LabirintPresenter.swift */,
			);
			path = Presenter;
			sourceTree = "<group>";
		};
		9EBC235B27CE2B8600AB1BA3 /* View */ = {
			isa = PBXGroup;
			children = (
				9EBC235C27CE2D8900AB1BA3 /* LabirintViewController.swift */,
				9EBC235E27CE2DAA00AB1BA3 /* LabirintViewInput.swift */,
				9EBC236027CE2DBE00AB1BA3 /* LabirintViewOutput.swift */,
			);
			path = View;
			sourceTree = "<group>";
		};
		9EBC236827CE349000AB1BA3 /* Router */ = {
			isa = PBXGroup;
			children = (
				9EBC238E27CE3A4C00AB1BA3 /* CatalogRouter.swift */,
				9EBC239027CE3A5C00AB1BA3 /* CatalogRouterInput.swift */,
			);
			path = Router;
			sourceTree = "<group>";
		};
		9EBC236927CE34AE00AB1BA3 /* View */ = {
			isa = PBXGroup;
			children = (
				9EBC23BE27CE47AF00AB1BA3 /* CatalogViewController.swift */,
				9EBC23C027CE47D200AB1BA3 /* CatalogViewInput.swift */,
				9EBC23C227CE47E900AB1BA3 /* CatalogViewOutput.swift */,
			);
			path = View;
			sourceTree = "<group>";
		};
		9EBC236A27CE34B600AB1BA3 /* Presenter */ = {
			isa = PBXGroup;
			children = (
				9EBC23BC27CE479100AB1BA3 /* CatalogPresenter.swift */,
			);
			path = Presenter;
			sourceTree = "<group>";
		};
		9EBC236B27CE353500AB1BA3 /* Configurator */ = {
			isa = PBXGroup;
			children = (
				9EBC237927CE364900AB1BA3 /* LabirintConfigurator.swift */,
			);
			path = Configurator;
			sourceTree = "<group>";
		};
		9EBC236C27CE354200AB1BA3 /* Configurator */ = {
			isa = PBXGroup;
			children = (
				9EBC238C27CE39A000AB1BA3 /* CatalogConfigurator.swift */,
			);
			path = Configurator;
			sourceTree = "<group>";
		};
		9EBC236D27CE355600AB1BA3 /* Configurator */ = {
			isa = PBXGroup;
			children = (
				9EBC239227CE3FB900AB1BA3 /* BasketConfigurator.swift */,
			);
			path = Configurator;
			sourceTree = "<group>";
		};
		9EBC236E27CE355E00AB1BA3 /* Presenter */ = {
			isa = PBXGroup;
			children = (
				9EBC239827CE400700AB1BA3 /* BasketPresenter.swift */,
			);
			path = Presenter;
			sourceTree = "<group>";
		};
		9EBC236F27CE356800AB1BA3 /* Router */ = {
			isa = PBXGroup;
			children = (
				9EBC239427CE3FD400AB1BA3 /* BasketRouter.swift */,
				9EBC239627CE3FED00AB1BA3 /* BasketRouterInput.swift */,
			);
			path = Router;
			sourceTree = "<group>";
		};
		9EBC237027CE357100AB1BA3 /* View */ = {
			isa = PBXGroup;
			children = (
				9EBC239A27CE402B00AB1BA3 /* BasketViewController.swift */,
				9EBC239C27CE405900AB1BA3 /* BasketViewInput.swift */,
				9EBC239E27CE407800AB1BA3 /* BasketViewOutput.swift */,
			);
			path = View;
			sourceTree = "<group>";
		};
		9EBC237127CE357F00AB1BA3 /* Configurator */ = {
			isa = PBXGroup;
			children = (
				9EBC23A027CE40A900AB1BA3 /* PromoConfigurator.swift */,
			);
			path = Configurator;
			sourceTree = "<group>";
		};
		9EBC237227CE358500AB1BA3 /* Router */ = {
			isa = PBXGroup;
			children = (
				9EBC23A227CE40C700AB1BA3 /* PromoRouter.swift */,
				9EBC23A427CE40DB00AB1BA3 /* PromoRouterInput.swift */,
			);
			path = Router;
			sourceTree = "<group>";
		};
		9EBC237327CE358C00AB1BA3 /* Presenter */ = {
			isa = PBXGroup;
			children = (
				9EBC23A627CE40F600AB1BA3 /* PromoPresenter.swift */,
			);
			path = Presenter;
			sourceTree = "<group>";
		};
		9EBC237427CE359400AB1BA3 /* View */ = {
			isa = PBXGroup;
			children = (
				9EBC23A827CE411700AB1BA3 /* PromoViewController.swift */,
				9EBC23AA27CE413A00AB1BA3 /* PromoViewInput.swift */,
				9EBC23AC27CE414500AB1BA3 /* PromoViewOutput.swift */,
			);
			path = View;
			sourceTree = "<group>";
		};
		9EBC237527CE359E00AB1BA3 /* Configurator */ = {
			isa = PBXGroup;
			children = (
				9EBC23AE27CE419500AB1BA3 /* MyLabConfigurator.swift */,
			);
			path = Configurator;
			sourceTree = "<group>";
		};
		9EBC237627CE35AD00AB1BA3 /* Presenter */ = {
			isa = PBXGroup;
			children = (
				9EBC23B427CE41D800AB1BA3 /* MyLabPresenter.swift */,
				9EAE91F027DB9941003988F1 /* MyLabViewBuilder.swift */,
				9E5B1C3427EC9C3C004ADB32 /* MyLabRowTypes.swift */,
				9E5B1C3627EC9CC3004ADB32 /* LoginState.swift */,
			);
			path = Presenter;
			sourceTree = "<group>";
		};
		9EBC237727CE35B800AB1BA3 /* View */ = {
			isa = PBXGroup;
			children = (
				9E3C492827D3756800F4D9E6 /* ExitButtonCell */,
				9E3C492327D3733700F4D9E6 /* DeliveryAddressCell */,
				9E3C491E27D3701B00F4D9E6 /* StandartReusebleCell */,
				9E3C491427D35DA400F4D9E6 /* UnautorizedHeader */,
				9E3C491527D35DDD00F4D9E6 /* AutorizedHeader */,
				9EBC23B627CE420100AB1BA3 /* MyLabViewController.swift */,
				9EBC23B827CE422A00AB1BA3 /* MyLabViewInput.swift */,
				9EBC23BA27CE424200AB1BA3 /* MyLabViewOutput.swift */,
				9E06B1A127D8E76600E0DC46 /* MyLabViewController.xib */,
			);
			path = View;
			sourceTree = "<group>";
		};
		9EBC237827CE35C100AB1BA3 /* Router */ = {
			isa = PBXGroup;
			children = (
				9EBC23B027CE41A700AB1BA3 /* MyLabRouter.swift */,
				9EBC23B227CE41C000AB1BA3 /* MyLabRouterInput.swift */,
			);
			path = Router;
			sourceTree = "<group>";
		};
		9EBC237B27CE373F00AB1BA3 /* MainTabBar */ = {
			isa = PBXGroup;
			children = (
				9EBC237C27CE37D200AB1BA3 /* Configurator */,
				9EBC237D27CE37E300AB1BA3 /* Router */,
				9EBC237E27CE381200AB1BA3 /* Presenter */,
				9EBC237F27CE382700AB1BA3 /* View */,
			);
			path = MainTabBar;
			sourceTree = "<group>";
		};
		9EBC237C27CE37D200AB1BA3 /* Configurator */ = {
			isa = PBXGroup;
			children = (
				9EBC238027CE38C400AB1BA3 /* MainTabBarConfigurator.swift */,
				9EC960E127D257EC00FB9787 /* MainTaBar.swift */,
			);
			path = Configurator;
			sourceTree = "<group>";
		};
		9EBC237D27CE37E300AB1BA3 /* Router */ = {
			isa = PBXGroup;
			children = (
				9EBC238227CE38EC00AB1BA3 /* MainTabBarRouter.swift */,
				9EBC238427CE390F00AB1BA3 /* MainTabBarRouterInput.swift */,
			);
			path = Router;
			sourceTree = "<group>";
		};
		9EBC237E27CE381200AB1BA3 /* Presenter */ = {
			isa = PBXGroup;
			children = (
				9EBC238627CE392B00AB1BA3 /* MainTabBarPresenter.swift */,
			);
			path = Presenter;
			sourceTree = "<group>";
		};
		9EBC237F27CE382700AB1BA3 /* View */ = {
			isa = PBXGroup;
			children = (
				9E0AA22327DF90520004EBD9 /* MainTabBarController.swift */,
				9EBC238827CE394C00AB1BA3 /* MainTabBarControllerInput.swift */,
				9EBC238A27CE396500AB1BA3 /* MainTabBarScreeenOutput.swift */,
			);
			path = View;
			sourceTree = "<group>";
		};
		9ED735F727F5AD5A00C72319 /* Services */ = {
			isa = PBXGroup;
			children = (
				9ED735F827F5AD5A00C72319 /* UserService.swift */,
				9ED735F927F5AD5A00C72319 /* KeyChainService.swift */,
				9ED735FA27F5AD5A00C72319 /* ParametersService.swift */,
			);
			path = Services;
			sourceTree = "<group>";
		};
		9ED735FE27F5AD6200C72319 /* Reusable */ = {
			isa = PBXGroup;
			children = (
				9ED735FF27F5AD6200C72319 /* LongButton.swift */,
			);
			path = Reusable;
			sourceTree = "<group>";
		};
/* End PBXGroup section */

/* Begin PBXNativeTarget section */
		3C0BA28C268DC98D00C47C74 /* LabirintMini */ = {
			isa = PBXNativeTarget;
			buildConfigurationList = 3C0BA2A1268DC98F00C47C74 /* Build configuration list for PBXNativeTarget "LabirintMini" */;
			buildPhases = (
				8AB06EEEB3BC731CF8565595 /* [CP] Check Pods Manifest.lock */,
				9E600E8627D0BB7D00C826B1 /* SwiftGen */,
				344BA4042695C620008B2B81 /* [RS] SwiftLint */,
				3C0BA289268DC98D00C47C74 /* Sources */,
				3C0BA28A268DC98D00C47C74 /* Frameworks */,
				3C0BA28B268DC98D00C47C74 /* Resources */,
				F56DF0AB9ABEEE1377CAC936 /* [CP] Embed Pods Frameworks */,
			);
			buildRules = (
			);
			dependencies = (
			);
			name = LabirintMini;
			productName = LabirintMini;
			productReference = 3C0BA28D268DC98D00C47C74 /* LabirintMini.app */;
			productType = "com.apple.product-type.application";
		};
/* End PBXNativeTarget section */

/* Begin PBXProject section */
		3C0BA285268DC98D00C47C74 /* Project object */ = {
			isa = PBXProject;
			attributes = {
				LastSwiftUpdateCheck = 1250;
				LastUpgradeCheck = 1250;
				TargetAttributes = {
					3C0BA28C268DC98D00C47C74 = {
						CreatedOnToolsVersion = 12.5;
					};
				};
			};
			buildConfigurationList = 3C0BA288268DC98D00C47C74 /* Build configuration list for PBXProject "LabirintMini" */;
			compatibilityVersion = "Xcode 9.3";
			developmentRegion = en;
			hasScannedForEncodings = 0;
			knownRegions = (
				en,
				Base,
				ru,
			);
			mainGroup = 3C0BA284268DC98D00C47C74;
			productRefGroup = 3C0BA28E268DC98D00C47C74 /* Products */;
			projectDirPath = "";
			projectRoot = "";
			targets = (
				3C0BA28C268DC98D00C47C74 /* LabirintMini */,
			);
		};
/* End PBXProject section */

/* Begin PBXResourcesBuildPhase section */
		3C0BA28B268DC98D00C47C74 /* Resources */ = {
			isa = PBXResourcesBuildPhase;
			buildActionMask = 2147483647;
			files = (
				9E3C492727D3737700F4D9E6 /* DeliveryAddressCell.xib in Resources */,
				9E5B1C3C27ED758E004ADB32 /* colorAssets.xcassets in Resources */,
				9E3C492C27D375A300F4D9E6 /* ExitButtonCell.xib in Resources */,
				3C0BA29D268DC98F00C47C74 /* LaunchScreen.storyboard in Resources */,
				9E0AA26027E351960004EBD9 /* InfoTextCell.xib in Resources */,
				9E12D29527D1CDC2000F1CF3 /* Localizable.strings in Resources */,
				3C0BA29A268DC98F00C47C74 /* assets.xcassets in Resources */,
				9E3C491B27D3659E00F4D9E6 /* AutorizedHeaderView.xib in Resources */,
				9E176EFD27F222DB00098563 /* CodeEnterCell.xib in Resources */,
				9E0AA24E27DFBCE40004EBD9 /* LoginDiscountCodeView.xib in Resources */,
				9E3C491727D35F6D00F4D9E6 /* UnautorizedHeaderView.xib in Resources */,
				9E06B1A227D8E76600E0DC46 /* MyLabViewController.xib in Resources */,
				9E3C492227D3706B00F4D9E6 /* MyLabStandartCell.xib in Resources */,
			);
			runOnlyForDeploymentPostprocessing = 0;
		};
/* End PBXResourcesBuildPhase section */

/* Begin PBXShellScriptBuildPhase section */
		344BA4042695C620008B2B81 /* [RS] SwiftLint */ = {
			isa = PBXShellScriptBuildPhase;
			buildActionMask = 8;
			files = (
			);
			inputFileListPaths = (
			);
			inputPaths = (
			);
			name = "[RS] SwiftLint";
			outputFileListPaths = (
			);
			outputPaths = (
			);
			runOnlyForDeploymentPostprocessing = 1;
			shellPath = /bin/sh;
			shellScript = "if which ${SRCROOT}/Pods/SwiftLint/swiftlint >/dev/null; then\n    ${SRCROOT}/Pods/SwiftLint/swiftlint --config \"${SRCROOT}/.swiftlint.yml\"\nelse\n    echo \"error: SwiftLint does not exist, download it from https://github.com/realm/SwiftLint\"\nexit 1\nfi\n";
		};
		8AB06EEEB3BC731CF8565595 /* [CP] Check Pods Manifest.lock */ = {
			isa = PBXShellScriptBuildPhase;
			buildActionMask = 2147483647;
			files = (
			);
			inputFileListPaths = (
			);
			inputPaths = (
				"${PODS_PODFILE_DIR_PATH}/Podfile.lock",
				"${PODS_ROOT}/Manifest.lock",
			);
			name = "[CP] Check Pods Manifest.lock";
			outputFileListPaths = (
			);
			outputPaths = (
				"$(DERIVED_FILE_DIR)/Pods-LabirintMini-checkManifestLockResult.txt",
			);
			runOnlyForDeploymentPostprocessing = 0;
			shellPath = /bin/sh;
			shellScript = "diff \"${PODS_PODFILE_DIR_PATH}/Podfile.lock\" \"${PODS_ROOT}/Manifest.lock\" > /dev/null\nif [ $? != 0 ] ; then\n    # print error to STDERR\n    echo \"error: The sandbox is not in sync with the Podfile.lock. Run 'pod install' or update your CocoaPods installation.\" >&2\n    exit 1\nfi\n# This output is used by Xcode 'outputs' to avoid re-running this script phase.\necho \"SUCCESS\" > \"${SCRIPT_OUTPUT_FILE_0}\"\n";
			showEnvVarsInLog = 0;
		};
		9E600E8627D0BB7D00C826B1 /* SwiftGen */ = {
			isa = PBXShellScriptBuildPhase;
			buildActionMask = 12;
			files = (
			);
			inputFileListPaths = (
			);
			inputPaths = (
			);
			name = SwiftGen;
			outputFileListPaths = (
			);
			outputPaths = (
			);
			runOnlyForDeploymentPostprocessing = 0;
			shellPath = /bin/sh;
			shellScript = "${SRCROOT}/Pods/SwiftGen/bin/swiftgen\n";
		};
		F56DF0AB9ABEEE1377CAC936 /* [CP] Embed Pods Frameworks */ = {
			isa = PBXShellScriptBuildPhase;
			buildActionMask = 2147483647;
			files = (
			);
			inputFileListPaths = (
				"${PODS_ROOT}/Target Support Files/Pods-LabirintMini/Pods-LabirintMini-frameworks-${CONFIGURATION}-input-files.xcfilelist",
			);
			name = "[CP] Embed Pods Frameworks";
			outputFileListPaths = (
				"${PODS_ROOT}/Target Support Files/Pods-LabirintMini/Pods-LabirintMini-frameworks-${CONFIGURATION}-output-files.xcfilelist",
			);
			runOnlyForDeploymentPostprocessing = 0;
			shellPath = /bin/sh;
			shellScript = "\"${PODS_ROOT}/Target Support Files/Pods-LabirintMini/Pods-LabirintMini-frameworks.sh\"\n";
			showEnvVarsInLog = 0;
		};
/* End PBXShellScriptBuildPhase section */

/* Begin PBXSourcesBuildPhase section */
		3C0BA289268DC98D00C47C74 /* Sources */ = {
			isa = PBXSourcesBuildPhase;
			buildActionMask = 2147483647;
			files = (
				9E0AA23E27DFB42A0004EBD9 /* LoginDiscountCodePresenter.swift in Sources */,
				9EBC23C327CE47E900AB1BA3 /* CatalogViewOutput.swift in Sources */,
				9EBC236127CE2DBE00AB1BA3 /* LabirintViewOutput.swift in Sources */,
				9E0AA22427DF90520004EBD9 /* MainTabBarController.swift in Sources */,
				9E0AA23F27DFB42A0004EBD9 /* EnterButtonView.swift in Sources */,
				9E176EFC27F218F300098563 /* CodeEnterCell.swift in Sources */,
				9E176F1927F30BFA00098563 /* AuthEntry.swift in Sources */,
				9EBC23AB27CE413A00AB1BA3 /* PromoViewInput.swift in Sources */,
				9E176F0727F2E07A00098563 /* TokenEntry.swift in Sources */,
				9EBC23B327CE41C000AB1BA3 /* MyLabRouterInput.swift in Sources */,
				9E0AA25027E0B8720004EBD9 /* UIViewController.swift in Sources */,
				9EBC238D27CE39A000AB1BA3 /* CatalogConfigurator.swift in Sources */,
				9E0AA24827DFB42A0004EBD9 /* LoginDiscountCodeInput.swift in Sources */,
				9EBC237A27CE364900AB1BA3 /* LabirintConfigurator.swift in Sources */,
				9EBC238F27CE3A4C00AB1BA3 /* CatalogRouter.swift in Sources */,
				9E3C491D27D36D1C00F4D9E6 /* AutorizedHeaderView.swift in Sources */,
				9EBC239327CE3FB900AB1BA3 /* BasketConfigurator.swift in Sources */,
				9EC960E227D257EC00FB9787 /* MainTaBar.swift in Sources */,
				9EBC238B27CE396500AB1BA3 /* MainTabBarScreeenOutput.swift in Sources */,
				9E3C492127D3706B00F4D9E6 /* MyLabStandartCell.swift in Sources */,
				9EBC23B127CE41A700AB1BA3 /* MyLabRouter.swift in Sources */,
				9EBC236727CE33EA00AB1BA3 /* LabirintRouterInput.swift in Sources */,
				9EBC23AF27CE419500AB1BA3 /* MyLabConfigurator.swift in Sources */,
				9E176F1C27F30BFA00098563 /* UserEntity.swift in Sources */,
				9EBC23AD27CE414500AB1BA3 /* PromoViewOutput.swift in Sources */,
				9E5B1C3727EC9CC3004ADB32 /* LoginState.swift in Sources */,
				9E176F1B27F30BFA00098563 /* UserEntry.swift in Sources */,
				9E5B1C3527EC9C3C004ADB32 /* MyLabRowTypes.swift in Sources */,
				9E5CCE3227F448260084CA63 /* CodeTextEditView.swift in Sources */,
				9ED735FB27F5AD5A00C72319 /* UserService.swift in Sources */,
				9EBC239127CE3A5C00AB1BA3 /* CatalogRouterInput.swift in Sources */,
				9E176F0627F2E07A00098563 /* TokenEntity.swift in Sources */,
				9EBC239727CE3FED00AB1BA3 /* BasketRouterInput.swift in Sources */,
				9EBC23BF27CE47AF00AB1BA3 /* CatalogViewController.swift in Sources */,
				9EBC239927CE400700AB1BA3 /* BasketPresenter.swift in Sources */,
				9EBC23B527CE41D800AB1BA3 /* MyLabPresenter.swift in Sources */,
				3C0BA291268DC98D00C47C74 /* AppDelegate.swift in Sources */,
				9E0AA25327E0CDE10004EBD9 /* CodeTextEdit.swift in Sources */,
				9EBC23C127CE47D200AB1BA3 /* CatalogViewInput.swift in Sources */,
				9E0AA24B27DFB42A0004EBD9 /* LoginDiscountCodeRouterInput.swift in Sources */,
				9ED7360027F5AD6200C72319 /* LongButton.swift in Sources */,
				9E176F2727F4389B00098563 /* UINavigationController.swift in Sources */,
				9E0AA25F27E351960004EBD9 /* InfoTextCell.swift in Sources */,
				9EBC23A127CE40A900AB1BA3 /* PromoConfigurator.swift in Sources */,
				9E0AA24927DFB42A0004EBD9 /* LoginDiscountCodeViewController.swift in Sources */,
				9EBC23A727CE40F600AB1BA3 /* PromoPresenter.swift in Sources */,
				9E0AA24A27DFB42A0004EBD9 /* LoginDiscountCodeConfigurator.swift in Sources */,
				9EBC23A327CE40C700AB1BA3 /* PromoRouter.swift in Sources */,
				9E12D28F27D0E5C1000F1CF3 /* Assets.swift in Sources */,
				9ED735FC27F5AD5A00C72319 /* KeyChainService.swift in Sources */,
				9EBC236327CE2FE300AB1BA3 /* LabirintPresenter.swift in Sources */,
				9EBC238727CE392B00AB1BA3 /* MainTabBarPresenter.swift in Sources */,
				9E3C492627D3737700F4D9E6 /* DeliveryAddressCell.swift in Sources */,
				9E0AA24327DFB42A0004EBD9 /* LoginDiscountCodeOutput.swift in Sources */,
				9EBC238927CE394C00AB1BA3 /* MainTabBarControllerInput.swift in Sources */,
				9E12D29027D0E5C1000F1CF3 /* Fonts.swift in Sources */,
				9EAE91F127DB9941003988F1 /* MyLabViewBuilder.swift in Sources */,
				9ED735FD27F5AD5A00C72319 /* ParametersService.swift in Sources */,
				9EBC235F27CE2DAA00AB1BA3 /* LabirintViewInput.swift in Sources */,
				9EBC23BB27CE424200AB1BA3 /* MyLabViewOutput.swift in Sources */,
				9EBC238327CE38EC00AB1BA3 /* MainTabBarRouter.swift in Sources */,
				9EBC238527CE390F00AB1BA3 /* MainTabBarRouterInput.swift in Sources */,
				9E5B1C2027E9FD9B004ADB32 /* UserModel.swift in Sources */,
				9ED7360227F5AD7B00C72319 /* Bundle.swift in Sources */,
				9E3C492B27D375A300F4D9E6 /* ExitButtonCell.swift in Sources */,
				9EBC23BD27CE479100AB1BA3 /* CatalogPresenter.swift in Sources */,
				9EBC239527CE3FD400AB1BA3 /* BasketRouter.swift in Sources */,
				9EBC238127CE38C400AB1BA3 /* MainTabBarConfigurator.swift in Sources */,
				9EBC235D27CE2D8900AB1BA3 /* LabirintViewController.swift in Sources */,
				9EBC239D27CE405900AB1BA3 /* BasketViewInput.swift in Sources */,
				9E176F1A27F30BFA00098563 /* AuthEntity.swift in Sources */,
				9E12D28E27D0E5C1000F1CF3 /* Strings.swift in Sources */,
				9E5B1C4027ED8035004ADB32 /* colorAssets.swift in Sources */,
				9EBC23B927CE422A00AB1BA3 /* MyLabViewInput.swift in Sources */,
				9EBC239F27CE407800AB1BA3 /* BasketViewOutput.swift in Sources */,
				9EBC23A927CE411700AB1BA3 /* PromoViewController.swift in Sources */,
				9E176F2927F43E8B00098563 /* UINavigationItem.swift in Sources */,
				9EBC239B27CE402B00AB1BA3 /* BasketViewController.swift in Sources */,
				9E0AA24C27DFB42A0004EBD9 /* LoginDiscountCodeRouter.swift in Sources */,
				9EBC236527CE339A00AB1BA3 /* LabirintRouter.swift in Sources */,
				9EBC23B727CE420100AB1BA3 /* MyLabViewController.swift in Sources */,
				9EBC23A527CE40DB00AB1BA3 /* PromoRouterInput.swift in Sources */,
				9E3C491927D364C200F4D9E6 /* UnautorizedHeaderView.swift in Sources */,
			);
			runOnlyForDeploymentPostprocessing = 0;
		};
/* End PBXSourcesBuildPhase section */

/* Begin PBXVariantGroup section */
		3C0BA29B268DC98F00C47C74 /* LaunchScreen.storyboard */ = {
			isa = PBXVariantGroup;
			children = (
				3C0BA29C268DC98F00C47C74 /* Base */,
			);
			name = LaunchScreen.storyboard;
			sourceTree = "<group>";
		};
		9E12D29727D1CDC2000F1CF3 /* Localizable.strings */ = {
			isa = PBXVariantGroup;
			children = (
				9E12D29627D1CDC2000F1CF3 /* en */,
				9E0AA22527DF9F0C0004EBD9 /* ru */,
			);
			name = Localizable.strings;
			sourceTree = "<group>";
		};
/* End PBXVariantGroup section */

/* Begin XCBuildConfiguration section */
		3C0BA29F268DC98F00C47C74 /* Debug */ = {
			isa = XCBuildConfiguration;
			buildSettings = {
				ALWAYS_SEARCH_USER_PATHS = NO;
				CLANG_ANALYZER_LOCALIZABILITY_NONLOCALIZED = YES;
				CLANG_ANALYZER_NONNULL = YES;
				CLANG_ANALYZER_NUMBER_OBJECT_CONVERSION = YES_AGGRESSIVE;
				CLANG_CXX_LANGUAGE_STANDARD = "gnu++14";
				CLANG_CXX_LIBRARY = "libc++";
				CLANG_ENABLE_MODULES = YES;
				CLANG_ENABLE_OBJC_ARC = YES;
				CLANG_ENABLE_OBJC_WEAK = YES;
				CLANG_WARN_BLOCK_CAPTURE_AUTORELEASING = YES;
				CLANG_WARN_BOOL_CONVERSION = YES;
				CLANG_WARN_COMMA = YES;
				CLANG_WARN_CONSTANT_CONVERSION = YES;
				CLANG_WARN_DEPRECATED_OBJC_IMPLEMENTATIONS = YES;
				CLANG_WARN_DIRECT_OBJC_ISA_USAGE = YES_ERROR;
				CLANG_WARN_DOCUMENTATION_COMMENTS = YES;
				CLANG_WARN_EMPTY_BODY = YES;
				CLANG_WARN_ENUM_CONVERSION = YES;
				CLANG_WARN_INFINITE_RECURSION = YES;
				CLANG_WARN_INT_CONVERSION = YES;
				CLANG_WARN_NON_LITERAL_NULL_CONVERSION = YES;
				CLANG_WARN_OBJC_IMPLICIT_RETAIN_SELF = YES;
				CLANG_WARN_OBJC_LITERAL_CONVERSION = YES;
				CLANG_WARN_OBJC_ROOT_CLASS = YES_ERROR;
				CLANG_WARN_QUOTED_INCLUDE_IN_FRAMEWORK_HEADER = YES;
				CLANG_WARN_RANGE_LOOP_ANALYSIS = YES;
				CLANG_WARN_STRICT_PROTOTYPES = YES;
				CLANG_WARN_SUSPICIOUS_MOVE = YES;
				CLANG_WARN_UNGUARDED_AVAILABILITY = YES_AGGRESSIVE;
				CLANG_WARN_UNREACHABLE_CODE = YES;
				CLANG_WARN__DUPLICATE_METHOD_MATCH = YES;
				COPY_PHASE_STRIP = NO;
				DEBUG_INFORMATION_FORMAT = dwarf;
				ENABLE_STRICT_OBJC_MSGSEND = YES;
				ENABLE_TESTABILITY = YES;
				GCC_C_LANGUAGE_STANDARD = gnu11;
				GCC_DYNAMIC_NO_PIC = NO;
				GCC_NO_COMMON_BLOCKS = YES;
				GCC_OPTIMIZATION_LEVEL = 0;
				GCC_PREPROCESSOR_DEFINITIONS = (
					"DEBUG=1",
					"$(inherited)",
				);
				GCC_WARN_64_TO_32_BIT_CONVERSION = YES;
				GCC_WARN_ABOUT_RETURN_TYPE = YES_ERROR;
				GCC_WARN_UNDECLARED_SELECTOR = YES;
				GCC_WARN_UNINITIALIZED_AUTOS = YES_AGGRESSIVE;
				GCC_WARN_UNUSED_FUNCTION = YES;
				GCC_WARN_UNUSED_VARIABLE = YES;
				IPHONEOS_DEPLOYMENT_TARGET = 12;
				MTL_ENABLE_DEBUG_INFO = INCLUDE_SOURCE;
				MTL_FAST_MATH = YES;
				ONLY_ACTIVE_ARCH = YES;
				SDKROOT = iphoneos;
				SWIFT_ACTIVE_COMPILATION_CONDITIONS = DEBUG;
				SWIFT_OPTIMIZATION_LEVEL = "-Onone";
			};
			name = Debug;
		};
		3C0BA2A0268DC98F00C47C74 /* Release */ = {
			isa = XCBuildConfiguration;
			buildSettings = {
				ALWAYS_SEARCH_USER_PATHS = NO;
				CLANG_ANALYZER_LOCALIZABILITY_NONLOCALIZED = YES;
				CLANG_ANALYZER_NONNULL = YES;
				CLANG_ANALYZER_NUMBER_OBJECT_CONVERSION = YES_AGGRESSIVE;
				CLANG_CXX_LANGUAGE_STANDARD = "gnu++14";
				CLANG_CXX_LIBRARY = "libc++";
				CLANG_ENABLE_MODULES = YES;
				CLANG_ENABLE_OBJC_ARC = YES;
				CLANG_ENABLE_OBJC_WEAK = YES;
				CLANG_WARN_BLOCK_CAPTURE_AUTORELEASING = YES;
				CLANG_WARN_BOOL_CONVERSION = YES;
				CLANG_WARN_COMMA = YES;
				CLANG_WARN_CONSTANT_CONVERSION = YES;
				CLANG_WARN_DEPRECATED_OBJC_IMPLEMENTATIONS = YES;
				CLANG_WARN_DIRECT_OBJC_ISA_USAGE = YES_ERROR;
				CLANG_WARN_DOCUMENTATION_COMMENTS = YES;
				CLANG_WARN_EMPTY_BODY = YES;
				CLANG_WARN_ENUM_CONVERSION = YES;
				CLANG_WARN_INFINITE_RECURSION = YES;
				CLANG_WARN_INT_CONVERSION = YES;
				CLANG_WARN_NON_LITERAL_NULL_CONVERSION = YES;
				CLANG_WARN_OBJC_IMPLICIT_RETAIN_SELF = YES;
				CLANG_WARN_OBJC_LITERAL_CONVERSION = YES;
				CLANG_WARN_OBJC_ROOT_CLASS = YES_ERROR;
				CLANG_WARN_QUOTED_INCLUDE_IN_FRAMEWORK_HEADER = YES;
				CLANG_WARN_RANGE_LOOP_ANALYSIS = YES;
				CLANG_WARN_STRICT_PROTOTYPES = YES;
				CLANG_WARN_SUSPICIOUS_MOVE = YES;
				CLANG_WARN_UNGUARDED_AVAILABILITY = YES_AGGRESSIVE;
				CLANG_WARN_UNREACHABLE_CODE = YES;
				CLANG_WARN__DUPLICATE_METHOD_MATCH = YES;
				COPY_PHASE_STRIP = NO;
				DEBUG_INFORMATION_FORMAT = "dwarf-with-dsym";
				ENABLE_NS_ASSERTIONS = NO;
				ENABLE_STRICT_OBJC_MSGSEND = YES;
				GCC_C_LANGUAGE_STANDARD = gnu11;
				GCC_NO_COMMON_BLOCKS = YES;
				GCC_WARN_64_TO_32_BIT_CONVERSION = YES;
				GCC_WARN_ABOUT_RETURN_TYPE = YES_ERROR;
				GCC_WARN_UNDECLARED_SELECTOR = YES;
				GCC_WARN_UNINITIALIZED_AUTOS = YES_AGGRESSIVE;
				GCC_WARN_UNUSED_FUNCTION = YES;
				GCC_WARN_UNUSED_VARIABLE = YES;
				IPHONEOS_DEPLOYMENT_TARGET = 12;
				MTL_ENABLE_DEBUG_INFO = NO;
				MTL_FAST_MATH = YES;
				SDKROOT = iphoneos;
				SWIFT_COMPILATION_MODE = wholemodule;
				SWIFT_OPTIMIZATION_LEVEL = "-O";
				VALIDATE_PRODUCT = YES;
			};
			name = Release;
		};
		3C0BA2A2268DC98F00C47C74 /* Debug */ = {
			isa = XCBuildConfiguration;
			baseConfigurationReference = C93EA6D505DF2CCA658F849A /* Pods-LabirintMini.debug.xcconfig */;
			buildSettings = {
				ASSETCATALOG_COMPILER_APPICON_NAME = AppIcon;
				ASSETCATALOG_COMPILER_GLOBAL_ACCENT_COLOR_NAME = AccentColor;
				CODE_SIGN_IDENTITY = "Apple Development";
				CODE_SIGN_STYLE = Automatic;
				CURRENT_PROJECT_VERSION = 242;
				DEVELOPMENT_TEAM = "";
				INFOPLIST_FILE = LabirintMini/Info.plist;
				IPHONEOS_DEPLOYMENT_TARGET = 12.1;
				LD_RUNPATH_SEARCH_PATHS = (
					"$(inherited)",
					"@executable_path/Frameworks",
				);
				MARKETING_VERSION = 1.4.9;
				PRODUCT_BUNDLE_IDENTIFIER = ru.surf.LabirintMini.homatov;
				PRODUCT_NAME = "$(TARGET_NAME)";
				PROVISIONING_PROFILE_SPECIFIER = "";
				SWIFT_VERSION = 5.0;
				TARGETED_DEVICE_FAMILY = 1;
			};
			name = Debug;
		};
		3C0BA2A3268DC98F00C47C74 /* Release */ = {
			isa = XCBuildConfiguration;
			baseConfigurationReference = 449573616019490BDAFFF4D4 /* Pods-LabirintMini.release.xcconfig */;
			buildSettings = {
				ASSETCATALOG_COMPILER_APPICON_NAME = AppIcon;
				ASSETCATALOG_COMPILER_GLOBAL_ACCENT_COLOR_NAME = AccentColor;
				CODE_SIGN_IDENTITY = "Apple Development";
				CODE_SIGN_STYLE = Automatic;
				CURRENT_PROJECT_VERSION = 242;
				DEVELOPMENT_TEAM = "";
				INFOPLIST_FILE = LabirintMini/Info.plist;
				IPHONEOS_DEPLOYMENT_TARGET = 12.1;
				LD_RUNPATH_SEARCH_PATHS = (
					"$(inherited)",
					"@executable_path/Frameworks",
				);
				MARKETING_VERSION = 1.4.9;
				PRODUCT_BUNDLE_IDENTIFIER = ru.surf.LabirintMini.homatov;
				PRODUCT_NAME = "$(TARGET_NAME)";
				PROVISIONING_PROFILE_SPECIFIER = "";
				SWIFT_VERSION = 5.0;
				TARGETED_DEVICE_FAMILY = 1;
			};
			name = Release;
		};
/* End XCBuildConfiguration section */

/* Begin XCConfigurationList section */
		3C0BA288268DC98D00C47C74 /* Build configuration list for PBXProject "LabirintMini" */ = {
			isa = XCConfigurationList;
			buildConfigurations = (
				3C0BA29F268DC98F00C47C74 /* Debug */,
				3C0BA2A0268DC98F00C47C74 /* Release */,
			);
			defaultConfigurationIsVisible = 0;
			defaultConfigurationName = Release;
		};
		3C0BA2A1268DC98F00C47C74 /* Build configuration list for PBXNativeTarget "LabirintMini" */ = {
			isa = XCConfigurationList;
			buildConfigurations = (
				3C0BA2A2268DC98F00C47C74 /* Debug */,
				3C0BA2A3268DC98F00C47C74 /* Release */,
			);
			defaultConfigurationIsVisible = 0;
			defaultConfigurationName = Release;
		};
/* End XCConfigurationList section */
	};
	rootObject = 3C0BA285268DC98D00C47C74 /* Project object */;
}
